
Microsoft Visual Studio Solution File, Format Version 12.00
# Visual Studio Version 16
VisualStudioVersion = 16.0.30907.101
MinimumVisualStudioVersion = 10.0.40219.1
Project("{FAE04EC0-301F-11D3-BF4B-00C04F79EFBC}") = "Tarea3_Aplica1Laboratorio", "Tarea3_Aplica1Laboratorio\Tarea3_Aplica1Laboratorio.csproj", "{97362721-2180-44DA-9313-09A1F8AFFCB6}"
EndProject
Global
	GlobalSection(SolutionConfigurationPlatforms) = preSolution
		Debug|Any CPU = Debug|Any CPU
		Release|Any CPU = Release|Any CPU
	EndGlobalSection
	GlobalSection(ProjectConfigurationPlatforms) = postSolution
		{97362721-2180-44DA-9313-09A1F8AFFCB6}.Debug|Any CPU.ActiveCfg = Debug|Any CPU
		{97362721-2180-44DA-9313-09A1F8AFFCB6}.Debug|Any CPU.Build.0 = Debug|Any CPU
		{97362721-2180-44DA-9313-09A1F8AFFCB6}.Release|Any CPU.ActiveCfg = Release|Any CPU
		{97362721-2180-44DA-9313-09A1F8AFFCB6}.Release|Any CPU.Build.0 = Release|Any CPU
	EndGlobalSection
	GlobalSection(SolutionProperties) = preSolution
		HideSolutionNode = FALSE
	EndGlobalSection
	GlobalSection(ExtensibilityGlobals) = postSolution
		SolutionGuid = {47510654-36CE-4F47-A3C0-AE94073D3086}
	EndGlobalSection
EndGlobal
